
Microsoft Visual Studio Solution File, Format Version 12.00
# Visual Studio Version 17
VisualStudioVersion = 17.8.34525.116
MinimumVisualStudioVersion = 10.0.40219.1
Project("{9A19103F-16F7-4668-BE54-9A1E7A4F7556}") = "NotaSoft", "NotaSoft\NotaSoft\NotaSoft.csproj", "{22EC4F64-2BB9-44BC-81A1-6B49F9EC4206}"
EndProject
Project("{9A19103F-16F7-4668-BE54-9A1E7A4F7556}") = "NotaSoft.Client", "NotaSoft\NotaSoft.Client\NotaSoft.Client.csproj", "{E1B3CC6A-05B6-463A-BD14-FA1C4D721FB8}"
EndProject
Project("{9A19103F-16F7-4668-BE54-9A1E7A4F7556}") = "NotaSoftApi", "NotaSoftApi\NotaSoftApi.csproj", "{84B98C04-07C7-498A-9E22-C9406F4A2A08}"
EndProject
Project("{FAE04EC0-301F-11D3-BF4B-00C04F79EFBC}") = "NotaSoftDb", "NotaSoftDb\NotaSoftDb.csproj", "{531ABD8B-CE40-43C0-8B7C-C6E16C1CAE25}"
EndProject
Global
	GlobalSection(SolutionConfigurationPlatforms) = preSolution
		Debug|Any CPU = Debug|Any CPU
		Release|Any CPU = Release|Any CPU
	EndGlobalSection
	GlobalSection(ProjectConfigurationPlatforms) = postSolution
		{22EC4F64-2BB9-44BC-81A1-6B49F9EC4206}.Debug|Any CPU.ActiveCfg = Debug|Any CPU
		{22EC4F64-2BB9-44BC-81A1-6B49F9EC4206}.Debug|Any CPU.Build.0 = Debug|Any CPU
		{22EC4F64-2BB9-44BC-81A1-6B49F9EC4206}.Release|Any CPU.ActiveCfg = Release|Any CPU
		{22EC4F64-2BB9-44BC-81A1-6B49F9EC4206}.Release|Any CPU.Build.0 = Release|Any CPU
		{E1B3CC6A-05B6-463A-BD14-FA1C4D721FB8}.Debug|Any CPU.ActiveCfg = Debug|Any CPU
		{E1B3CC6A-05B6-463A-BD14-FA1C4D721FB8}.Debug|Any CPU.Build.0 = Debug|Any CPU
		{E1B3CC6A-05B6-463A-BD14-FA1C4D721FB8}.Release|Any CPU.ActiveCfg = Release|Any CPU
		{E1B3CC6A-05B6-463A-BD14-FA1C4D721FB8}.Release|Any CPU.Build.0 = Release|Any CPU
		{84B98C04-07C7-498A-9E22-C9406F4A2A08}.Debug|Any CPU.ActiveCfg = Debug|Any CPU
		{84B98C04-07C7-498A-9E22-C9406F4A2A08}.Debug|Any CPU.Build.0 = Debug|Any CPU
		{84B98C04-07C7-498A-9E22-C9406F4A2A08}.Release|Any CPU.ActiveCfg = Release|Any CPU
		{84B98C04-07C7-498A-9E22-C9406F4A2A08}.Release|Any CPU.Build.0 = Release|Any CPU
		{531ABD8B-CE40-43C0-8B7C-C6E16C1CAE25}.Debug|Any CPU.ActiveCfg = Debug|Any CPU
		{531ABD8B-CE40-43C0-8B7C-C6E16C1CAE25}.Debug|Any CPU.Build.0 = Debug|Any CPU
		{531ABD8B-CE40-43C0-8B7C-C6E16C1CAE25}.Release|Any CPU.ActiveCfg = Release|Any CPU
		{531ABD8B-CE40-43C0-8B7C-C6E16C1CAE25}.Release|Any CPU.Build.0 = Release|Any CPU
	EndGlobalSection
	GlobalSection(SolutionProperties) = preSolution
		HideSolutionNode = FALSE
	EndGlobalSection
	GlobalSection(ExtensibilityGlobals) = postSolution
		SolutionGuid = {9564101B-A9EF-4CF6-9BE2-93EC0CD534D1}
	EndGlobalSection
EndGlobal
